{
  "dependencies": {
    "jslint": {
      "version": "0.1.6",
      "dependencies": {
        "nopt": {
          "version": "1.0.10",
          "dependencies": {
            "abbrev": {
              "version": "1.0.3"
            }
          }
        }
      }
    },
    "async": {
      "version": "0.1.18"
    },
    "node-xml": {
      "version": "1.0.0"
    },
    "optimist": {
      "version": "0.3.1",
      "dependencies": {
        "wordwrap": {
          "version": "0.0.2"
        }
      }
    }
  }
}
